
Microsoft Visual Studio Solution File, Format Version 12.00
# Visual Studio Version 17
VisualStudioVersion = 17.1.32319.34
MinimumVisualStudioVersion = 10.0.40219.1
Project("{8BC9CEB8-8B4A-11D0-8D11-00A0C91BC942}") = "demo1", "demo1\demo1.vcxproj", "{0DF8DE22-2A1E-4F77-A4BD-BFA467C39E9A}"
EndProject
Project("{8BC9CEB8-8B4A-11D0-8D11-00A0C91BC942}") = "demo2", "demo2\demo2.vcxproj", "{976DEB36-BB0B-483E-98F5-A35C044185C2}"
EndProject
Global
	GlobalSection(SolutionConfigurationPlatforms) = preSolution
		Debug|x64 = Debug|x64
		Debug|x86 = Debug|x86
		Release|x64 = Release|x64
		Release|x86 = Release|x86
	EndGlobalSection
	GlobalSection(ProjectConfigurationPlatforms) = postSolution
		{0DF8DE22-2A1E-4F77-A4BD-BFA467C39E9A}.Debug|x64.ActiveCfg = Debug|x64
		{0DF8DE22-2A1E-4F77-A4BD-BFA467C39E9A}.Debug|x64.Build.0 = Debug|x64
		{0DF8DE22-2A1E-4F77-A4BD-BFA467C39E9A}.Debug|x86.ActiveCfg = Debug|Win32
		{0DF8DE22-2A1E-4F77-A4BD-BFA467C39E9A}.Debug|x86.Build.0 = Debug|Win32
		{0DF8DE22-2A1E-4F77-A4BD-BFA467C39E9A}.Release|x64.ActiveCfg = Release|x64
		{0DF8DE22-2A1E-4F77-A4BD-BFA467C39E9A}.Release|x64.Build.0 = Release|x64
		{0DF8DE22-2A1E-4F77-A4BD-BFA467C39E9A}.Release|x86.ActiveCfg = Release|Win32
		{0DF8DE22-2A1E-4F77-A4BD-BFA467C39E9A}.Release|x86.Build.0 = Release|Win32
		{976DEB36-BB0B-483E-98F5-A35C044185C2}.Debug|x64.ActiveCfg = Debug|x64
		{976DEB36-BB0B-483E-98F5-A35C044185C2}.Debug|x64.Build.0 = Debug|x64
		{976DEB36-BB0B-483E-98F5-A35C044185C2}.Debug|x86.ActiveCfg = Debug|Win32
		{976DEB36-BB0B-483E-98F5-A35C044185C2}.Debug|x86.Build.0 = Debug|Win32
		{976DEB36-BB0B-483E-98F5-A35C044185C2}.Release|x64.ActiveCfg = Release|x64
		{976DEB36-BB0B-483E-98F5-A35C044185C2}.Release|x64.Build.0 = Release|x64
		{976DEB36-BB0B-483E-98F5-A35C044185C2}.Release|x86.ActiveCfg = Release|Win32
		{976DEB36-BB0B-483E-98F5-A35C044185C2}.Release|x86.Build.0 = Release|Win32
	EndGlobalSection
	GlobalSection(SolutionProperties) = preSolution
		HideSolutionNode = FALSE
	EndGlobalSection
	GlobalSection(ExtensibilityGlobals) = postSolution
		SolutionGuid = {4C77B0B3-920E-4778-8132-3DA344854522}
	EndGlobalSection
EndGlobal
